
Microsoft Visual Studio Solution File, Format Version 12.00
# Visual Studio Version 16
VisualStudioVersion = 16.0.31729.503
MinimumVisualStudioVersion = 10.0.40219.1
Project("{FAE04EC0-301F-11D3-BF4B-00C04F79EFBC}") = "文字游戏", "文字游戏\文字游戏.csproj", "{F6BF1B04-4598-4E0F-AEE6-076144D85542}"
EndProject
Global
	GlobalSection(SolutionConfigurationPlatforms) = preSolution
		Debug|Any CPU = Debug|Any CPU
		Release|Any CPU = Release|Any CPU
	EndGlobalSection
	GlobalSection(ProjectConfigurationPlatforms) = postSolution
		{F6BF1B04-4598-4E0F-AEE6-076144D85542}.Debug|Any CPU.ActiveCfg = Debug|Any CPU
		{F6BF1B04-4598-4E0F-AEE6-076144D85542}.Debug|Any CPU.Build.0 = Debug|Any CPU
		{F6BF1B04-4598-4E0F-AEE6-076144D85542}.Release|Any CPU.ActiveCfg = Release|Any CPU
		{F6BF1B04-4598-4E0F-AEE6-076144D85542}.Release|Any CPU.Build.0 = Release|Any CPU
	EndGlobalSection
	GlobalSection(SolutionProperties) = preSolution
		HideSolutionNode = FALSE
	EndGlobalSection
	GlobalSection(ExtensibilityGlobals) = postSolution
		SolutionGuid = {BFD6E910-2230-4FC8-8B1B-97ED377D8C02}
	EndGlobalSection
EndGlobal
